PODS:
  - ASMediaFocusManager (0.1)
  - Bolts (1.1.0)
  - BZGFormField (1.1.2)
  - EAIntroView (2.6.1)
  - FaceAwareFill (1.0)
  - Facebook-iOS-SDK (3.16.2):
    - Bolts
  - HexColors (2.2.1)
  - JSAnimatedImagesView (1.0.0):
    - MSWeakTimer (~> 1.0)
  - Mantle (1.5):
    - Mantle/extobjc
  - Mantle/extobjc (1.5)
  - MBProgressHUD (0.8)
  - MRProgress (0.5.0):
    - MRProgress/ActivityIndicator
    - MRProgress/Blur
    - MRProgress/Circular
    - MRProgress/Helper
    - MRProgress/Icons
    - MRProgress/MessageInterceptor
    - MRProgress/NavigationBarProgress
    - MRProgress/Overlay
    - MRProgress/Stopable
    - MRProgress/WeakProxy
  - MRProgress/ActivityIndicator (0.5.0):
    - MRProgress/Stopable
  - MRProgress/Blur (0.5.0):
    - MRProgress/Helper
  - MRProgress/Circular (0.5.0):
    - MRProgress/Helper
    - MRProgress/Stopable
  - MRProgress/Helper (0.5.0)
  - MRProgress/Icons (0.5.0)
  - MRProgress/MessageInterceptor (0.5.0)
  - MRProgress/NavigationBarProgress (0.5.0)
  - MRProgress/Overlay (0.5.0):
    - MRProgress/ActivityIndicator
    - MRProgress/Blur
    - MRProgress/Circular
    - MRProgress/Helper
    - MRProgress/Icons
  - MRProgress/Stopable (0.5.0):
    - MRProgress/Helper
  - MRProgress/WeakProxy (0.5.0)
  - MSWeakTimer (1.1.0)
  - Parse-iOS-SDK (1.2.19):
    - Facebook-iOS-SDK (~> 3.7)
  - ReactiveCocoa (2.3.1):
    - ReactiveCocoa/UI
  - ReactiveCocoa/Core (2.3.1):
    - ReactiveCocoa/no-arc
  - ReactiveCocoa/no-arc (2.3.1)
  - ReactiveCocoa/UI (2.3.1):
    - ReactiveCocoa/Core
  - RESideMenu (3.4)
  - RPFloatingPlaceholders (0.2.5)
  - SDWebImage (3.6):
    - SDWebImage/Core
  - SDWebImage/Core (3.6)
  - SwipeView (1.3.2)
  - TSMessages (0.9.9):
    - HexColors

DEPENDENCIES:
  - ASMediaFocusManager
  - Bolts (~> 1.1.0)
  - BZGFormField
  - EAIntroView
  - FaceAwareFill
  - JSAnimatedImagesView
  - Mantle
  - MBProgressHUD
  - MRProgress (~> 0.3)
  - Parse-iOS-SDK
  - ReactiveCocoa
  - RESideMenu (~> 3.4)
  - RPFloatingPlaceholders
  - SDWebImage
  - SwipeView
  - TSMessages

SPEC CHECKSUMS:
  ASMediaFocusManager: 1f74db5e33560df20d70676d1ae513ae39f19881
  Bolts: 91c2af8eae1d44e1dd75946a5b0ae04a43ea43e4
  BZGFormField: c469a07c251a9fd8bd8d8fce023896b15d752a99
  EAIntroView: 809dc4c9e8006390340c33346870e7b7bb52fe02
  FaceAwareFill: ea87c5a2c50b29b6836442d88af851d1eb1f13b4
  Facebook-iOS-SDK: 34eef640c2cc4c8618ba0f574ad2b290e07f1b4e
  HexColors: 01384d2bbe8dc4ffa43c3b4135db6e976952d153
  JSAnimatedImagesView: 31ca5031b5de56380ef3df1ad4a60f154aa11ab3
  Mantle: c67a7e45e14196ed42b2a7cbb98ff6a9920e6b92
  MBProgressHUD: c356980b0cd097f19acec959b49dca5eb8ec31be
  MRProgress: 0f0a200c2c211d2dfb83ac31aa2c117dca07db57
  MSWeakTimer: 6bd071c058fd49daa62013e4ae70caf61d0f2dc2
  Parse-iOS-SDK: 5e1f7e649a02f1cc19e73cc95bd43d7778848314
  ReactiveCocoa: dca75777b9d18990c8714a3a6f2149f29b4d1462
  RESideMenu: a583194f1091b0222a1535864de04227ff497618
  RPFloatingPlaceholders: 33b37405789f61be4c62aa6103c5c6e54bae5a63
  SDWebImage: c6989652c1cdf27cbdf3f56957e2030f825af5bc
  SwipeView: 0093c212acf3d715b09334c50d568a4418404150
  TSMessages: 2999ef55e532378692e9d14d32da2bb60e285129

COCOAPODS: 0.33.1
